{
  "name": "x-state-over-view",
  "version": "1.0.0",
  "lockfileVersion": 1,
  "requires": true,
  "dependencies": {
    "xstate": {
      "version": "4.8.0",
      "resolved": "https://registry.npmjs.org/xstate/-/xstate-4.8.0.tgz",
      "integrity": "sha512-xHSYQtCHLkcrFRxa5lK4Lp1rnKt00a80jcKFMQiMBuE+6MvTYv7twwqYpzjsJoKFjGZB3GGEpZAuY1dmlPTh/g=="
    }
  }
}
